
Microsoft Visual Studio Solution File, Format Version 12.00
# Visual Studio Version 16
VisualStudioVersion = 16.0.33027.164
MinimumVisualStudioVersion = 10.0.40219.1
Project("{FAE04EC0-301F-11D3-BF4B-00C04F79EFBC}") = "EntityProjeUygulama", "EntityProjeUygulama\EntityProjeUygulama.csproj", "{19B48355-2931-4ADE-9760-F3DE351DD16E}"
EndProject
Global
	GlobalSection(SolutionConfigurationPlatforms) = preSolution
		Debug|Any CPU = Debug|Any CPU
		Release|Any CPU = Release|Any CPU
	EndGlobalSection
	GlobalSection(ProjectConfigurationPlatforms) = postSolution
		{19B48355-2931-4ADE-9760-F3DE351DD16E}.Debug|Any CPU.ActiveCfg = Debug|Any CPU
		{19B48355-2931-4ADE-9760-F3DE351DD16E}.Debug|Any CPU.Build.0 = Debug|Any CPU
		{19B48355-2931-4ADE-9760-F3DE351DD16E}.Release|Any CPU.ActiveCfg = Release|Any CPU
		{19B48355-2931-4ADE-9760-F3DE351DD16E}.Release|Any CPU.Build.0 = Release|Any CPU
	EndGlobalSection
	GlobalSection(SolutionProperties) = preSolution
		HideSolutionNode = FALSE
	EndGlobalSection
	GlobalSection(ExtensibilityGlobals) = postSolution
		SolutionGuid = {133954F8-6747-4984-BB3E-F0700F923017}
	EndGlobalSection
EndGlobal
